
Microsoft Visual Studio Solution File, Format Version 12.00
# Visual Studio Version 17
VisualStudioVersion = 17.10.35004.147
MinimumVisualStudioVersion = 10.0.40219.1
Project("{FAE04EC0-301F-11D3-BF4B-00C04F79EFBC}") = "Hello World", "Hello World.csproj", "{4FC70489-4D1A-4B07-9DD4-39B9B9C07EFB}"
EndProject
Global
	GlobalSection(SolutionConfigurationPlatforms) = preSolution
		Debug|Any CPU = Debug|Any CPU
		Release|Any CPU = Release|Any CPU
	EndGlobalSection
	GlobalSection(ProjectConfigurationPlatforms) = postSolution
		{4FC70489-4D1A-4B07-9DD4-39B9B9C07EFB}.Debug|Any CPU.ActiveCfg = Debug|Any CPU
		{4FC70489-4D1A-4B07-9DD4-39B9B9C07EFB}.Debug|Any CPU.Build.0 = Debug|Any CPU
		{4FC70489-4D1A-4B07-9DD4-39B9B9C07EFB}.Release|Any CPU.ActiveCfg = Release|Any CPU
		{4FC70489-4D1A-4B07-9DD4-39B9B9C07EFB}.Release|Any CPU.Build.0 = Release|Any CPU
	EndGlobalSection
	GlobalSection(SolutionProperties) = preSolution
		HideSolutionNode = FALSE
	EndGlobalSection
	GlobalSection(ExtensibilityGlobals) = postSolution
		SolutionGuid = {56DC28E5-6AF3-401D-AC8F-D48D80BF1382}
	EndGlobalSection
EndGlobal
